
Microsoft Visual Studio Solution File, Format Version 12.00
# Visual Studio Version 16
VisualStudioVersion = 16.0.30804.86
MinimumVisualStudioVersion = 10.0.40219.1
Project("{9A19103F-16F7-4668-BE54-9A1E7A4F7556}") = "Gridnine.FlightCodingTest", "Gridnine.FlightCodingTest\Gridnine.FlightCodingTest.csproj", "{C5B9A4B2-8FD8-4DCA-9027-866ED2AEAAF2}"
EndProject
Project("{FAE04EC0-301F-11D3-BF4B-00C04F79EFBC}") = "Gridnine.FlightCodingTest.Tests", "Gridnine.FlightCodingTest.Tests\Gridnine.FlightCodingTest.Tests.csproj", "{D8BADE26-4598-4356-9055-A104B1B77713}"
EndProject
Global
	GlobalSection(SolutionConfigurationPlatforms) = preSolution
		Debug|Any CPU = Debug|Any CPU
		Release|Any CPU = Release|Any CPU
	EndGlobalSection
	GlobalSection(ProjectConfigurationPlatforms) = postSolution
		{C5B9A4B2-8FD8-4DCA-9027-866ED2AEAAF2}.Debug|Any CPU.ActiveCfg = Debug|Any CPU
		{C5B9A4B2-8FD8-4DCA-9027-866ED2AEAAF2}.Debug|Any CPU.Build.0 = Debug|Any CPU
		{C5B9A4B2-8FD8-4DCA-9027-866ED2AEAAF2}.Release|Any CPU.ActiveCfg = Release|Any CPU
		{C5B9A4B2-8FD8-4DCA-9027-866ED2AEAAF2}.Release|Any CPU.Build.0 = Release|Any CPU
		{D8BADE26-4598-4356-9055-A104B1B77713}.Debug|Any CPU.ActiveCfg = Debug|Any CPU
		{D8BADE26-4598-4356-9055-A104B1B77713}.Debug|Any CPU.Build.0 = Debug|Any CPU
		{D8BADE26-4598-4356-9055-A104B1B77713}.Release|Any CPU.ActiveCfg = Release|Any CPU
		{D8BADE26-4598-4356-9055-A104B1B77713}.Release|Any CPU.Build.0 = Release|Any CPU
	EndGlobalSection
	GlobalSection(SolutionProperties) = preSolution
		HideSolutionNode = FALSE
	EndGlobalSection
	GlobalSection(ExtensibilityGlobals) = postSolution
		SolutionGuid = {EF5E2E9D-F13F-4933-A90A-4F341302AD0F}
	EndGlobalSection
EndGlobal
